{
    "_meta": {
        "hash": {
            "sha256": "18d767bb156acb6ec83e010be2a18ac12f6b67313eae8bf71e50882f78f6a437"
        },
        "pipfile-spec": 6,
        "requires": {
            "python_version": "3.11"
        },
        "sources": [
            {
                "name": "pypi",
                "url": "https://pypi.org/simple",
                "verify_ssl": true
            }
        ]
    },
    "default": {
        "asyncio": {
            "hashes": [
                "sha256:83360ff8bc97980e4ff25c964c7bd3923d333d177aa4f7fb736b019f26c7cb41",
                "sha256:b62c9157d36187eca799c378e572c969f0da87cd5fc42ca372d92cdb06e7e1de",
                "sha256:c46a87b48213d7464f22d9a497b9eef8c1928b68320a2fa94240f969f6fec08c",
                "sha256:c4d18b22701821de07bd6aea8b53d21449ec0ec5680645e5317062ea21817d2d"
            ],
            "index": "pypi",
            "version": "==3.4.3"
        },
        "grpcio": {
            "hashes": [
                "sha256:02000b005bc8b72ff50c477b6431e8886b29961159e8b8d03c00b3dd9139baed",
                "sha256:031bbd26656e0739e4b2c81c172155fb26e274b8d0312d67aefc730bcba915b6",
                "sha256:1209d6b002b26e939e4c8ea37a3d5b4028eb9555394ea69fb1adbd4b61a10bb8",
                "sha256:125ed35aa3868efa82eabffece6264bf638cfdc9f0cd58ddb17936684aafd0f8",
                "sha256:1382bc499af92901c2240c4d540c74eae8a671e4fe9839bfeefdfcc3a106b5e2",
                "sha256:16bca8092dd994f2864fdab278ae052fad4913f36f35238b2dd11af2d55a87db",
                "sha256:1c59d899ee7160638613a452f9a4931de22623e7ba17897d8e3e348c2e9d8d0b",
                "sha256:1d109df30641d050e009105f9c9ca5a35d01e34d2ee2a4e9c0984d392fd6d704",
                "sha256:1fa7d6ddd33abbd3c8b3d7d07c56c40ea3d1891ce3cd2aa9fa73105ed5331866",
                "sha256:21c4a1aae861748d6393a3ff7867473996c139a77f90326d9f4104bebb22d8b8",
                "sha256:224166f06ccdaf884bf35690bf4272997c1405de3035d61384ccb5b25a4c1ca8",
                "sha256:2262bd3512ba9e9f0e91d287393df6f33c18999317de45629b7bd46c40f16ba9",
                "sha256:2585b3c294631a39b33f9f967a59b0fad23b1a71a212eba6bc1e3ca6e6eec9ee",
                "sha256:27fb030a4589d2536daec5ff5ba2a128f4f155149efab578fe2de2cb21596d3d",
                "sha256:30fbbce11ffeb4f9f91c13fe04899aaf3e9a81708bedf267bf447596b95df26b",
                "sha256:3930669c9e6f08a2eed824738c3d5699d11cd47a0ecc13b68ed11595710b1133",
                "sha256:3b170e441e91e4f321e46d3cc95a01cb307a4596da54aca59eb78ab0fc03754d",
                "sha256:3db71c6f1ab688d8dfc102271cedc9828beac335a3a4372ec54b8bf11b43fd29",
                "sha256:48cb7af77238ba16c77879009003f6b22c23425e5ee59cb2c4c103ec040638a5",
                "sha256:49eace8ea55fbc42c733defbda1e4feb6d3844ecd875b01bb8b923709e0f5ec8",
                "sha256:533eaf5b2a79a3c6f35cbd6a095ae99cac7f4f9c0e08bdcf86c130efd3c32adf",
                "sha256:5942a3e05630e1ef5b7b5752e5da6582460a2e4431dae603de89fc45f9ec5aa9",
                "sha256:62117486460c83acd3b5d85c12edd5fe20a374630475388cfc89829831d3eb79",
                "sha256:650f5f2c9ab1275b4006707411bb6d6bc927886874a287661c3c6f332d4c068b",
                "sha256:6dc1e2c9ac292c9a484ef900c568ccb2d6b4dfe26dfa0163d5bc815bb836c78d",
                "sha256:73c238ef6e4b64272df7eec976bb016c73d3ab5a6c7e9cd906ab700523d312f3",
                "sha256:775a2f70501370e5ba54e1ee3464413bff9bd85bd9a0b25c989698c44a6fb52f",
                "sha256:860fcd6db7dce80d0a673a1cc898ce6bc3d4783d195bbe0e911bf8a62c93ff3f",
                "sha256:87f47bf9520bba4083d65ab911f8f4c0ac3efa8241993edd74c8dd08ae87552f",
                "sha256:960b176e0bb2b4afeaa1cd2002db1e82ae54c9b6e27ea93570a42316524e77cf",
                "sha256:a7caf553ccaf715ec05b28c9b2ab2ee3fdb4036626d779aa09cf7cbf54b71445",
                "sha256:a947d5298a0bbdd4d15671024bf33e2b7da79a70de600ed29ba7e0fef0539ebb",
                "sha256:a97b0d01ae595c997c1d9d8249e2d2da829c2d8a4bdc29bb8f76c11a94915c9a",
                "sha256:b7655f809e3420f80ce3bf89737169a9dce73238af594049754a1128132c0da4",
                "sha256:c33744d0d1a7322da445c0fe726ea6d4e3ef2dfb0539eadf23dce366f52f546c",
                "sha256:c55a9cf5cba80fb88c850915c865b8ed78d5e46e1f2ec1b27692f3eaaf0dca7e",
                "sha256:d2f62fb1c914a038921677cfa536d645cb80e3dd07dc4859a3c92d75407b90a5",
                "sha256:d8ae6e0df3a608e99ee1acafaafd7db0830106394d54571c1ece57f650124ce9",
                "sha256:e355ee9da9c1c03f174efea59292b17a95e0b7b4d7d2a389265f731a9887d5a9",
                "sha256:e3e526062c690517b42bba66ffe38aaf8bc99a180a78212e7b22baa86902f690",
                "sha256:eb0807323572642ab73fd86fe53d88d843ce617dd1ddf430351ad0759809a0ae",
                "sha256:ebff0738be0499d7db74d20dca9f22a7b27deae31e1bf92ea44924fd69eb6251",
                "sha256:ed36e854449ff6c2f8ee145f94851fe171298e1e793f44d4f672c4a0d78064e7",
                "sha256:ed3d458ded32ff3a58f157b60cc140c88f7ac8c506a1c567b2a9ee8a2fd2ce54",
                "sha256:f4a7dca8ccd8023d916b900aa3c626f1bd181bd5b70159479b142f957ff420e4"
            ],
            "index": "pypi",
            "version": "==1.54.0"
        },
        "grpcio-reflection": {
            "hashes": [
                "sha256:804326e1add80050cab248107d28f226be58ec49d5a2d08f14a150d8a2621678",
                "sha256:9de46150bba3c039035c5f573a9348f1c747d3149b1fa946b351da7c0e0733d8"
            ],
            "index": "pypi",
            "version": "==1.54.0"
        },
        "grpcio-tools": {
            "hashes": [
                "sha256:072279c394086ec07af8736f94aa6be671000af143df5f3040500e8cd5de484d",
                "sha256:12c3091ef09df47c20d698dc74a373c1674c67ac5ac12ef24433002165129556",
                "sha256:1e15aa21a68cdb66b38db645924a09196cbbf4ad3ce1cf9dbcdf7b245292e380",
                "sha256:22b826b1d0d98a3bb80094928e21c48e23d022168e91d466a21389d1cda87177",
                "sha256:22eecfbb85da93405e056f073e339c34f881a3b410800902ae533e475688b1f1",
                "sha256:23474a820bdf8126af93724c7f6b23b16d9f3ad4c4bdcb40936ecb7f2be6bcc7",
                "sha256:235ea036d56ab9b6e4f235c554cf4680c42bf79352046e8a25829f597ca0d56b",
                "sha256:24158db60cdda7c9eb803a9ed033a23b4420fd13ba4c54392d6b396589afb969",
                "sha256:292c0838d4a52ca53a941d197de57efc7f9df548d0619e14680c3e1ebeb33752",
                "sha256:42e8509ae024e8fb4eeab5ed9518c8e88d7f46a56015ae940796fe708d781e9f",
                "sha256:43339122c891110e9ed020974c0fe2bd773d96c184203a62d0973f4cfb007f80",
                "sha256:436335857731e8f0bc5d345804d7dcd1bc677a1f793ea2b22e0627870ea31df6",
                "sha256:473dbd7005d059d1dc84490eec35699029d629048e7fdd76e31c14fc58a603e5",
                "sha256:4b32eaf44939c3dfa127bcb6bcf685188a05c1e0f54a7c8ed10770cbe177ca15",
                "sha256:52b6f78f5601cd080e5456ec24fd960328f9962e9aa4f9f556ec6fd5e4a391bf",
                "sha256:536c108ee8fa46b1ca8d03f4033cdf282741978f3f83dcc8b2a9e7a2b8197271",
                "sha256:53dc65731a46bc065ad8d717d75d8659763126d1626eacc6f225c0b779ccc350",
                "sha256:58d2cbbf4e40cecd09f4fa6a2c15f7a95ec90f492b4e31469d8c9db981426106",
                "sha256:66738bc9d7b5db1a86832fa930cdd8faaf0c68bf70751d930c686d6bb309fad0",
                "sha256:6dd57137706257c39255020fb04322eef6c4043a11fc86042ae22b05167603ca",
                "sha256:6ff318cd73b5cbdb16616d093c1c7b340d8d13b5bada2df7fbd873e899eab162",
                "sha256:7615b824132fcea4769d0cd99bdeffe25b096b48215c36675f37f7b57dc09635",
                "sha256:7ab23a94a8a7aa97ad8f46ba39ade4462c19833aa4815780db2cec647df7efef",
                "sha256:7abdefb364de75d13d929093e571b84c4ea2580dbf5e4b6f5099ac9fa1a93f29",
                "sha256:86169076170f835139db7ec8362124cabe8f01050c2a717500a0fcdeb71dc537",
                "sha256:8a91f973b44fc90c32b7df79daec78907f0721e65d85fdff9133e05fee1f6e56",
                "sha256:8d2d5522d2222879c161479b5c91661cf788a3178f0b7532fd4c3e918e3390c4",
                "sha256:9d9a8d35a898f5c160fdb1ba0f58ada80e8e291cdffd6025f6043228d0832b2f",
                "sha256:9fa42e3851c3c795228e2699c68ff7db14789991da4b53d3634360a361e0e420",
                "sha256:a61f367a153e3e604b1b59cec2f5e61255ffb6328d7348a53531e90ad98cc4fd",
                "sha256:a66baf974aa00542ba4b6be499266ef8d63aa1abe7c78abab168bdf2fcd7f216",
                "sha256:ab45bda18b4931b08d89e490fd920bf654109d1c2e80b037fe9b60ab30fb4d9d",
                "sha256:adc93f29353377182556e37120985f69f0fccc79ab65a0f24c1cc53075344dd7",
                "sha256:b1a3aad8a85d408ec925ee63668c2e4f075c96f67fcc3c43366a28f60e25873c",
                "sha256:b944c1654b5f0710e782c0e3462d7acca900cbf2fb874d62e51a5279293151a9",
                "sha256:c03ceec6441365ec56c7fc6f38386917814ad02144dc1ecf03e13cee45f26389",
                "sha256:cca182c9a33dbf52c61a13fd1b98af535e7563bcd9e02e60e9de742d385f2ffb",
                "sha256:ce20c3523a4bdb85531e762f45f7c5f5a915e5a8f25db3d58ebb6a8a37290a75",
                "sha256:d58528d6ea1835c0d4c34b60152dd29b3c9ab02ad0a8e734de240d54786d8b1e",
                "sha256:d8ed6146e08b82caff467ac2af6c41f092212e3b5795687b76dd9219ac8b7186",
                "sha256:de07f7441e2f318a68631626d4d99c22244901ad7451a3e9fa08e5601a54772f",
                "sha256:df79acbf59997018e131713b716a2fddb5556e1840e9fb9de4ca73bf2059590e",
                "sha256:e0ba9344855b0c617d6df6bfb46ffbc574815c7152afa023e443cce4d5402f55",
                "sha256:f5aaa7e90e0947aec936e02fb85f312ca03c2258f3ee78403dcc27389fc62838",
                "sha256:fb6774907a708079afb3deecdd8e053d2b2b066c279a5d8c4957687db3f809ce"
            ],
            "index": "pypi",
            "version": "==1.54.0"
        },
        "pint": {
            "hashes": [
                "sha256:3e98bdf01f4dcf840cc0207c0b6f7510d4e0c6288efc1bf470626e875c831172",
                "sha256:998b695e84a34d11702da4a8b9457a39bb5c7ab5ec68db90e948e30878e421f1"
            ],
            "index": "pypi",
            "version": "==0.21"
        },
        "protobuf": {
            "hashes": [
                "sha256:11b28b4e779d7f275e3ea0efa3938f4d4e8ed3ca818f9fec3b193f8e9ada99fd",
                "sha256:144d5b46df5e44f914f715accaadf88d617242ba5a40cacef4e8de7effa79954",
                "sha256:21fbaef7f012232eb8d6cb8ba334e931fc6ff8570f5aaedc77d5b22a439aa909",
                "sha256:3b21074b7fb748d8e123acaef9fa63a84fdc1436dc71199d2317b139f77dd6f4",
                "sha256:4bfb28d48628deacdb66a95aaa7b6640f3dc82b4edd34db444c7a3cdd90b01fb",
                "sha256:5128b4d5efcaef92189e076077ae389700606ff81d2126b8361dc01f3e026197",
                "sha256:7b42086d6027be2730151b49f27b2f5be40f3b036adf7b8da5917f4567f268c3",
                "sha256:8fd329e5dd7b6c4b878cab4b85bb6cec880e2adaf4e8aa2c75944dcbb05e1ff1",
                "sha256:9537ae27d43318acf8ce27d0359fe28e6ebe4179c3350bc055bb60ff4dc4fcd3",
                "sha256:a4e661247896c2ffea4b894bca2d8657e752bedb8f3c66d7befa2557291be1e8",
                "sha256:b7728b5da9eee15c0aa3baaee79e94fa877ddcf7e3d2f34b1eab586cd26eea89",
                "sha256:e98e26328d7c668541d1052b02de4205b1094ef6b2ce57167440d3e39876db48",
                "sha256:f4a711588c3a79b6f9c44af4d7f4a2ae868e27063654683932ab6462f90e9656"
            ],
            "index": "pypi",
            "version": "==4.22.4"
        },
        "setuptools": {
            "hashes": [
                "sha256:23aaf86b85ca52ceb801d32703f12d77517b2556af839621c641fca11287952b",
                "sha256:f104fa03692a2602fa0fec6c6a9e63b6c8a968de13e17c026957dd1f53d80990"
            ],
            "markers": "python_version >= '3.7'",
            "version": "==67.7.2"
        }
    },
    "develop": {}
}
